
Microsoft Visual Studio Solution File, Format Version 12.00
# Visual Studio 15
VisualStudioVersion = 15.0.27130.2027
MinimumVisualStudioVersion = 10.0.40219.1
Project("{FAE04EC0-301F-11D3-BF4B-00C04F79EFBC}") = "RobsAppVeyorTest", "RobsAppVeyorTest\RobsAppVeyorTest.csproj", "{485843D6-6D02-4609-8440-4DF121970D63}"
EndProject
Project("{FAE04EC0-301F-11D3-BF4B-00C04F79EFBC}") = "RobsAppVeyorTest.Tests", "RobsAppVeyorTest.Tests\RobsAppVeyorTest.Tests.csproj", "{610C20AC-AAFF-4ADC-919F-A6ADADFC5989}"
EndProject
Global
	GlobalSection(SolutionConfigurationPlatforms) = preSolution
		Debug|Any CPU = Debug|Any CPU
		Release|Any CPU = Release|Any CPU
	EndGlobalSection
	GlobalSection(ProjectConfigurationPlatforms) = postSolution
		{485843D6-6D02-4609-8440-4DF121970D63}.Debug|Any CPU.ActiveCfg = Debug|Any CPU
		{485843D6-6D02-4609-8440-4DF121970D63}.Debug|Any CPU.Build.0 = Debug|Any CPU
		{485843D6-6D02-4609-8440-4DF121970D63}.Release|Any CPU.ActiveCfg = Release|Any CPU
		{485843D6-6D02-4609-8440-4DF121970D63}.Release|Any CPU.Build.0 = Release|Any CPU
		{610C20AC-AAFF-4ADC-919F-A6ADADFC5989}.Debug|Any CPU.ActiveCfg = Debug|Any CPU
		{610C20AC-AAFF-4ADC-919F-A6ADADFC5989}.Debug|Any CPU.Build.0 = Debug|Any CPU
		{610C20AC-AAFF-4ADC-919F-A6ADADFC5989}.Release|Any CPU.ActiveCfg = Release|Any CPU
		{610C20AC-AAFF-4ADC-919F-A6ADADFC5989}.Release|Any CPU.Build.0 = Release|Any CPU
	EndGlobalSection
	GlobalSection(SolutionProperties) = preSolution
		HideSolutionNode = FALSE
	EndGlobalSection
	GlobalSection(ExtensibilityGlobals) = postSolution
		SolutionGuid = {8AE69B56-7347-4F41-9B49-66B36E5C49CD}
	EndGlobalSection
EndGlobal
